// !$*UTF8*$!
{
	archiveVersion = 1;
	classes = {
	};
	objectVersion = 46;
	objects = {

/* Begin PBXBuildFile section */
		BE340D6619D7DE2A00BEC232 /* Parse.mm in Sources */ = {isa = PBXBuildFile; fileRef = BE340D6519D7DE2A00BEC232 /* Parse.mm */; };
		BE4152E41811B03200E421D7 /* Foundation.framework in Frameworks */ = {isa = PBXBuildFile; fileRef = BE99B972161BAE720041B8EA /* Foundation.framework */; };
		BE4152E71811B03200E421D7 /* main.m in Sources */ = {isa = PBXBuildFile; fileRef = BE4152E61811B03200E421D7 /* main.m */; };
		BE4152EB1811B03200E421D7 /* WInterfaceSample.1 in CopyFiles */ = {isa = PBXBuildFile; fileRef = BE4152EA1811B03200E421D7 /* WInterfaceSample.1 */; };
		BE4152FC1811B04200E421D7 /* sample.wi.mm in Sources */ = {isa = PBXBuildFile; fileRef = BE730AD61810A4FB005582C5 /* sample.wi.mm */; };
		BE87AC6319F6455600C5E23A /* ParseRule.mm in Sources */ = {isa = PBXBuildFile; fileRef = BE87AC6219F6455600C5E23A /* ParseRule.mm */; };
		BE91ACFE1A1A6D0D009751BB /* Files.wi.mm in Sources */ = {isa = PBXBuildFile; fileRef = BE91ACFD1A1A6D0D009751BB /* Files.wi.mm */; };
		BE91AD021A1A72D8009751BB /* AppKit.framework in Frameworks */ = {isa = PBXBuildFile; fileRef = BE91AD011A1A72D8009751BB /* AppKit.framework */; };
		BE91AD041A1A7303009751BB /* QuartzCore.framework in Frameworks */ = {isa = PBXBuildFile; fileRef = BE91AD031A1A7303009751BB /* QuartzCore.framework */; };
		BE99B973161BAE720041B8EA /* Foundation.framework in Frameworks */ = {isa = PBXBuildFile; fileRef = BE99B972161BAE720041B8EA /* Foundation.framework */; };
		BE99B97A161BAE720041B8EA /* WInterface.1 in CopyFiles */ = {isa = PBXBuildFile; fileRef = BE99B979161BAE720041B8EA /* WInterface.1 */; };
		BE9A3BAB1A37A2470038DF8D /* Code.wi.mm in Sources */ = {isa = PBXBuildFile; fileRef = BE9A3BAA1A37A2470038DF8D /* Code.wi.mm */; };
		BEC8A51B18296AA50090BBAD /* inserts.mm in Sources */ = {isa = PBXBuildFile; fileRef = BEC8A51A18296AA50090BBAD /* inserts.mm */; };
		BEDEBF821A19DA1900D0200D /* base.wi.mm in Sources */ = {isa = PBXBuildFile; fileRef = BEDEBF6A1A19DA1900D0200D /* base.wi.mm */; };
		BEDEBF831A19DA1900D0200D /* collectionArray.wi.mm in Sources */ = {isa = PBXBuildFile; fileRef = BEDEBF6B1A19DA1900D0200D /* collectionArray.wi.mm */; };
		BEDEBF841A19DA1900D0200D /* collectionAtomicAndTracker.wi.mm in Sources */ = {isa = PBXBuildFile; fileRef = BEDEBF6C1A19DA1900D0200D /* collectionAtomicAndTracker.wi.mm */; };
		BEDEBF851A19DA1900D0200D /* collectionDictionary.wi.mm in Sources */ = {isa = PBXBuildFile; fileRef = BEDEBF6D1A19DA1900D0200D /* collectionDictionary.wi.mm */; };
		BEDEBF861A19DA1900D0200D /* collectionNS.wi.mm in Sources */ = {isa = PBXBuildFile; fileRef = BEDEBF6E1A19DA1900D0200D /* collectionNS.wi.mm */; };
		BEDEBF871A19DA1900D0200D /* collections.wi.mm in Sources */ = {isa = PBXBuildFile; fileRef = BEDEBF6F1A19DA1900D0200D /* collections.wi.mm */; };
		BEDEBF881A19DA1900D0200D /* collectionSet.wi.mm in Sources */ = {isa = PBXBuildFile; fileRef = BEDEBF701A19DA1900D0200D /* collectionSet.wi.mm */; };
		BEDEBF891A19DA1900D0200D /* collectionTester.wi.mm in Sources */ = {isa = PBXBuildFile; fileRef = BEDEBF711A19DA1900D0200D /* collectionTester.wi.mm */; };
		BEDEBF8A1A19DA1900D0200D /* default.mm in Sources */ = {isa = PBXBuildFile; fileRef = BEDEBF721A19DA1900D0200D /* default.mm */; };
		BEDEBF8C1A19DA1900D0200D /* inserts.mm in Sources */ = {isa = PBXBuildFile; fileRef = BEDEBF741A19DA1900D0200D /* inserts.mm */; };
		BEDEBF8D1A19DA1900D0200D /* linkBase.wi.mm in Sources */ = {isa = PBXBuildFile; fileRef = BEDEBF751A19DA1900D0200D /* linkBase.wi.mm */; };
		BEDEBF8E1A19DA1900D0200D /* model.mm in Sources */ = {isa = PBXBuildFile; fileRef = BEDEBF761A19DA1900D0200D /* model.mm */; };
		BEDEBF8F1A19DA1900D0200D /* object.mm in Sources */ = {isa = PBXBuildFile; fileRef = BEDEBF771A19DA1900D0200D /* object.mm */; };
		BEDEBF901A19DA1900D0200D /* OID.wi.mm in Sources */ = {isa = PBXBuildFile; fileRef = BEDEBF781A19DA1900D0200D /* OID.wi.mm */; };
		BEDEBF911A19DA1900D0200D /* sys.mm in Sources */ = {isa = PBXBuildFile; fileRef = BEDEBF791A19DA1900D0200D /* sys.mm */; };
		BEDEBF921A19DA1900D0200D /* token.mm in Sources */ = {isa = PBXBuildFile; fileRef = BEDEBF7A1A19DA1900D0200D /* token.mm */; };
		BEDEBF931A19DA1900D0200D /* token.wi.mm in Sources */ = {isa = PBXBuildFile; fileRef = BEDEBF7B1A19DA1900D0200D /* token.wi.mm */; };
		BEDEBF941A19DA1900D0200D /* types.wi.mm in Sources */ = {isa = PBXBuildFile; fileRef = BEDEBF7C1A19DA1900D0200D /* types.wi.mm */; };
		BEDEBF951A19DA1900D0200D /* util.mm in Sources */ = {isa = PBXBuildFile; fileRef = BEDEBF7D1A19DA1900D0200D /* util.mm */; };
		BEDEBF961A19DA1900D0200D /* util.wi.mm in Sources */ = {isa = PBXBuildFile; fileRef = BEDEBF7E1A19DA1900D0200D /* util.wi.mm */; };
		BEDEBFA01A1A59A100D0200D /* WInterface.swift in Sources */ = {isa = PBXBuildFile; fileRef = BEDEBF9F1A1A59A100D0200D /* WInterface.swift */; };
/* End PBXBuildFile section */

/* Begin PBXCopyFilesBuildPhase section */
		BE4152E11811B03200E421D7 /* CopyFiles */ = {
			isa = PBXCopyFilesBuildPhase;
			buildActionMask = 2147483647;
			dstPath = usr/share/man/man1;
			dstSubfolderSpec = 10;
			files = (
				BE4152EB1811B03200E421D7 /* WInterfaceSample.1 in CopyFiles */,
			);
			runOnlyForDeploymentPostprocessing = 1;
		};
		BE99B96C161BAE720041B8EA /* CopyFiles */ = {
			isa = PBXCopyFilesBuildPhase;
			buildActionMask = 2147483647;
			dstPath = usr/share/man/man1;
			dstSubfolderSpec = 10;
			files = (
				BE99B97A161BAE720041B8EA /* WInterface.1 in CopyFiles */,
			);
			runOnlyForDeploymentPostprocessing = 1;
		};
/* End PBXCopyFilesBuildPhase section */

/* Begin PBXFileReference section */
		BE19E8A216295CF10013C92B /* TestProp.wi */ = {isa = PBXFileReference; fileEncoding = 4; lastKnownFileType = text; name = TestProp.wi; path = Test/TestProp.wi; sourceTree = SOURCE_ROOT; };
		BE19E8A316295D960013C92B /* TestProp.wi.m */ = {isa = PBXFileReference; fileEncoding = 4; lastKnownFileType = sourcecode.c.objc; name = TestProp.wi.m; path = Test/TestProp.wi.m; sourceTree = SOURCE_ROOT; };
		BE340D6519D7DE2A00BEC232 /* Parse.mm */ = {isa = PBXFileReference; fileEncoding = 4; lastKnownFileType = sourcecode.cpp.objcpp; name = Parse.mm; path = ../BasicClassesCPP/Parser/Parse.mm; sourceTree = "<group>"; };
		BE340D6719D7DF6C00BEC232 /* Parse */ = {isa = PBXFileReference; lastKnownFileType = folder; path = Parse; sourceTree = "<group>"; };
		BE3A169018231A3700B5752A /* wierrors.wi */ = {isa = PBXFileReference; lastKnownFileType = text; name = wierrors.wi; path = Sample/wierrors.wi; sourceTree = "<group>"; };
		BE4152E31811B03200E421D7 /* WInterfaceSample */ = {isa = PBXFileReference; explicitFileType = "compiled.mach-o.executable"; includeInIndex = 0; path = WInterfaceSample; sourceTree = BUILT_PRODUCTS_DIR; };
		BE4152E61811B03200E421D7 /* main.m */ = {isa = PBXFileReference; lastKnownFileType = sourcecode.c.objc; path = main.m; sourceTree = "<group>"; };
		BE4152E91811B03200E421D7 /* WInterfaceSample-Prefix.pch */ = {isa = PBXFileReference; lastKnownFileType = sourcecode.c.h; path = "WInterfaceSample-Prefix.pch"; sourceTree = "<group>"; };
		BE4152EA1811B03200E421D7 /* WInterfaceSample.1 */ = {isa = PBXFileReference; lastKnownFileType = text.man; path = WInterfaceSample.1; sourceTree = "<group>"; };
		BE61F57A1627C7CB00614210 /* Test.wi */ = {isa = PBXFileReference; fileEncoding = 4; lastKnownFileType = text; name = Test.wi; path = Test/Test.wi; sourceTree = SOURCE_ROOT; };
		BE61F57B1627D02300614210 /* Test.wi.m */ = {isa = PBXFileReference; fileEncoding = 4; lastKnownFileType = sourcecode.c.objc; name = Test.wi.m; path = Test/Test.wi.m; sourceTree = SOURCE_ROOT; };
		BE622A12162CA95A00618E26 /* LinkBase.wi */ = {isa = PBXFileReference; explicitFileType = sourcecode.c.objc; fileEncoding = 4; name = LinkBase.wi; path = Test/LinkBase.wi; sourceTree = SOURCE_ROOT; };
		BE622A13162CA95A00618E26 /* LinkBase.wi.m */ = {isa = PBXFileReference; fileEncoding = 4; lastKnownFileType = sourcecode.c.objc; name = LinkBase.wi.m; path = Test/LinkBase.wi.m; sourceTree = SOURCE_ROOT; };
		BE697F2E167ED42900880DC7 /* PropSS.wi */ = {isa = PBXFileReference; explicitFileType = sourcecode.c.objc; name = PropSS.wi; path = Wis/PropSS.wi; sourceTree = "<group>"; };
		BE6FA91719AACEE800862360 /* wied */ = {isa = PBXFileReference; lastKnownFileType = folder; name = wied; path = Sample/wied; sourceTree = "<group>"; };
		BE6FA91819AAD18A00862360 /* BasicClassesCPP */ = {isa = PBXFileReference; lastKnownFileType = folder; name = BasicClassesCPP; path = ../BasicClassesCPP; sourceTree = "<group>"; };
		BE730ACC18108F50005582C5 /* sample.wi */ = {isa = PBXFileReference; explicitFileType = sourcecode.cpp.objcpp.preprocessed; name = sample.wi; path = Sample/sample.wi; sourceTree = "<group>"; };
		BE730AD31810A4FB005582C5 /* sample.wi.decl.h */ = {isa = PBXFileReference; fileEncoding = 4; lastKnownFileType = sourcecode.c.h; name = sample.wi.decl.h; path = Sample/sample.wi.decl.h; sourceTree = "<group>"; };
		BE730AD41810A4FB005582C5 /* sample.wi.h */ = {isa = PBXFileReference; fileEncoding = 4; lastKnownFileType = sourcecode.c.h; name = sample.wi.h; path = Sample/sample.wi.h; sourceTree = "<group>"; };
		BE730AD51810A4FB005582C5 /* sample.wi.html */ = {isa = PBXFileReference; fileEncoding = 4; lastKnownFileType = text.html; name = sample.wi.html; path = Sample/sample.wi.html; sourceTree = "<group>"; };
		BE730AD61810A4FB005582C5 /* sample.wi.mm */ = {isa = PBXFileReference; fileEncoding = 4; lastKnownFileType = sourcecode.cpp.objcpp; name = sample.wi.mm; path = Sample/sample.wi.mm; sourceTree = "<group>"; };
		BE87AC6219F6455600C5E23A /* ParseRule.mm */ = {isa = PBXFileReference; fileEncoding = 4; lastKnownFileType = sourcecode.cpp.objcpp; name = ParseRule.mm; path = ../BasicClassesCPP/Parser/ParseRule.mm; sourceTree = "<group>"; };
		BE8DD9791A1AD31F00FBCA32 /* wiLibrary */ = {isa = PBXFileReference; lastKnownFileType = folder; name = wiLibrary; path = ../wiLibrary; sourceTree = "<group>"; };
		BE91ACF91A1A65F1009751BB /* wi */ = {isa = PBXFileReference; lastKnownFileType = folder; path = wi; sourceTree = "<group>"; };
		BE91ACFA1A1A6601009751BB /* wied */ = {isa = PBXFileReference; lastKnownFileType = folder; path = wied; sourceTree = "<group>"; };
		BE91ACFD1A1A6D0D009751BB /* Files.wi.mm */ = {isa = PBXFileReference; fileEncoding = 4; lastKnownFileType = sourcecode.cpp.objcpp; name = Files.wi.mm; path = wied/Files.wi.mm; sourceTree = SOURCE_ROOT; };
		BE91ACFF1A1A72CB009751BB /* CoreGraphics.framework */ = {isa = PBXFileReference; lastKnownFileType = wrapper.framework; name = CoreGraphics.framework; path = System/Library/Frameworks/CoreGraphics.framework; sourceTree = SDKROOT; };
		BE91AD011A1A72D8009751BB /* AppKit.framework */ = {isa = PBXFileReference; lastKnownFileType = wrapper.framework; name = AppKit.framework; path = System/Library/Frameworks/AppKit.framework; sourceTree = SDKROOT; };
		BE91AD031A1A7303009751BB /* QuartzCore.framework */ = {isa = PBXFileReference; lastKnownFileType = wrapper.framework; name = QuartzCore.framework; path = System/Library/Frameworks/QuartzCore.framework; sourceTree = SDKROOT; };
		BE93AD8D165E9E3B001BA629 /* wi.sh */ = {isa = PBXFileReference; fileEncoding = 4; lastKnownFileType = text.script.sh; path = wi.sh; sourceTree = SOURCE_ROOT; };
		BE99B96E161BAE720041B8EA /* WInterface */ = {isa = PBXFileReference; explicitFileType = "compiled.mach-o.executable"; includeInIndex = 0; path = WInterface; sourceTree = BUILT_PRODUCTS_DIR; };
		BE99B972161BAE720041B8EA /* Foundation.framework */ = {isa = PBXFileReference; lastKnownFileType = wrapper.framework; name = Foundation.framework; path = System/Library/Frameworks/Foundation.framework; sourceTree = SDKROOT; };
		BE99B978161BAE720041B8EA /* WInterface-Prefix.pch */ = {isa = PBXFileReference; lastKnownFileType = sourcecode.c.h; path = "WInterface-Prefix.pch"; sourceTree = "<group>"; };
		BE99B979161BAE720041B8EA /* WInterface.1 */ = {isa = PBXFileReference; lastKnownFileType = text.man; path = WInterface.1; sourceTree = "<group>"; };
		BE9A3BAA1A37A2470038DF8D /* Code.wi.mm */ = {isa = PBXFileReference; fileEncoding = 4; lastKnownFileType = sourcecode.cpp.objcpp; name = Code.wi.mm; path = wied/Code.wi.mm; sourceTree = SOURCE_ROOT; };
		BEA020A41629505100CA480A /* Prop1A.wi */ = {isa = PBXFileReference; explicitFileType = sourcecode.c.objc; fileEncoding = 4; name = Prop1A.wi; path = Wis/Prop1A.wi; sourceTree = "<group>"; };
		BEA020A81629505100CA480A /* Prop1S.wi */ = {isa = PBXFileReference; explicitFileType = sourcecode.c.objc; fileEncoding = 4; name = Prop1S.wi; path = Wis/Prop1S.wi; sourceTree = "<group>"; };
		BEA020AC1629505100CA480A /* Prop11.wi */ = {isa = PBXFileReference; explicitFileType = sourcecode.c.objc; fileEncoding = 4; name = Prop11.wi; path = Wis/Prop11.wi; sourceTree = "<group>"; };
		BEA020B01629505100CA480A /* PropA1.wi */ = {isa = PBXFileReference; explicitFileType = sourcecode.c.objc; fileEncoding = 4; name = PropA1.wi; path = Wis/PropA1.wi; sourceTree = "<group>"; };
		BEA020B41629505100CA480A /* PropS1.wi */ = {isa = PBXFileReference; explicitFileType = sourcecode.c.objc; fileEncoding = 4; name = PropS1.wi; path = Wis/PropS1.wi; sourceTree = "<group>"; };
		BEA020B8162951B100CA480A /* PropBase.wi */ = {isa = PBXFileReference; explicitFileType = sourcecode.c.objc; fileEncoding = 4; name = PropBase.wi; path = Wis/PropBase.wi; sourceTree = "<group>"; };
		BEB3E1C11A61C93600291844 /* wi.sh */ = {isa = PBXFileReference; fileEncoding = 4; lastKnownFileType = text.script.sh; name = wi.sh; path = ../wi.sh; sourceTree = "<group>"; };
		BEC3EDAE162B2999001BA99B /* ModelNS1.wi */ = {isa = PBXFileReference; explicitFileType = sourcecode.c.objc; fileEncoding = 4; name = ModelNS1.wi; path = Wis/ModelNS1.wi; sourceTree = "<group>"; };
		BEC3EDAF162B299A001BA99B /* ModelNSA.wi */ = {isa = PBXFileReference; explicitFileType = sourcecode.c.objc; fileEncoding = 4; name = ModelNSA.wi; path = Wis/ModelNSA.wi; sourceTree = "<group>"; };
		BEC3EDB0162B299A001BA99B /* ModelNSS.wi */ = {isa = PBXFileReference; explicitFileType = sourcecode.c.objc; fileEncoding = 4; name = ModelNSS.wi; path = Wis/ModelNSS.wi; sourceTree = "<group>"; };
		BEC8A4A8182742340090BBAD /* ModelNS1A.wi */ = {isa = PBXFileReference; explicitFileType = sourcecode.cpp.objcpp; name = ModelNS1A.wi; path = Wis/ModelNS1A.wi; sourceTree = "<group>"; };
		BEC8A4A9182742340090BBAD /* ModelNS1M.wi */ = {isa = PBXFileReference; explicitFileType = sourcecode.cpp.objcpp; name = ModelNS1M.wi; path = Wis/ModelNS1M.wi; sourceTree = "<group>"; };
		BEC8A51A18296AA50090BBAD /* inserts.mm */ = {isa = PBXFileReference; fileEncoding = 4; lastKnownFileType = sourcecode.cpp.objcpp; name = inserts.mm; path = Sample/inserts.mm; sourceTree = "<group>"; };
		BED5D57B164A122800540B71 /* ModelT1.wi */ = {isa = PBXFileReference; explicitFileType = sourcecode.c.objc; fileEncoding = 4; name = ModelT1.wi; path = Wis/ModelT1.wi; sourceTree = "<group>"; };
		BED5D57E164A16F200540B71 /* ModelNSM.wi */ = {isa = PBXFileReference; explicitFileType = sourcecode.c.objc; fileEncoding = 4; name = ModelNSM.wi; path = Wis/ModelNSM.wi; sourceTree = "<group>"; };
		BED5D57F164A16F200540B71 /* Prop1D.wi */ = {isa = PBXFileReference; explicitFileType = sourcecode.c.objc; fileEncoding = 4; name = Prop1D.wi; path = Wis/Prop1D.wi; sourceTree = "<group>"; };
		BED5D580164A16F200540B71 /* PropD1.wi */ = {isa = PBXFileReference; explicitFileType = sourcecode.c.objc; fileEncoding = 4; name = PropD1.wi; path = Wis/PropD1.wi; sourceTree = "<group>"; };
		BEDEBF681A19D97F00D0200D /* wi.out.txt */ = {isa = PBXFileReference; fileEncoding = 4; lastKnownFileType = text; name = wi.out.txt; path = ../wi.out.txt; sourceTree = "<group>"; };
		BEDEBF6A1A19DA1900D0200D /* base.wi.mm */ = {isa = PBXFileReference; fileEncoding = 4; lastKnownFileType = sourcecode.cpp.objcpp; name = base.wi.mm; path = wied/base.wi.mm; sourceTree = SOURCE_ROOT; };
		BEDEBF6B1A19DA1900D0200D /* collectionArray.wi.mm */ = {isa = PBXFileReference; fileEncoding = 4; lastKnownFileType = sourcecode.cpp.objcpp; name = collectionArray.wi.mm; path = wied/collectionArray.wi.mm; sourceTree = SOURCE_ROOT; };
		BEDEBF6C1A19DA1900D0200D /* collectionAtomicAndTracker.wi.mm */ = {isa = PBXFileReference; fileEncoding = 4; lastKnownFileType = sourcecode.cpp.objcpp; name = collectionAtomicAndTracker.wi.mm; path = wied/collectionAtomicAndTracker.wi.mm; sourceTree = SOURCE_ROOT; };
		BEDEBF6D1A19DA1900D0200D /* collectionDictionary.wi.mm */ = {isa = PBXFileReference; fileEncoding = 4; lastKnownFileType = sourcecode.cpp.objcpp; name = collectionDictionary.wi.mm; path = wied/collectionDictionary.wi.mm; sourceTree = SOURCE_ROOT; };
		BEDEBF6E1A19DA1900D0200D /* collectionNS.wi.mm */ = {isa = PBXFileReference; fileEncoding = 4; lastKnownFileType = sourcecode.cpp.objcpp; name = collectionNS.wi.mm; path = wied/collectionNS.wi.mm; sourceTree = SOURCE_ROOT; };
		BEDEBF6F1A19DA1900D0200D /* collections.wi.mm */ = {isa = PBXFileReference; fileEncoding = 4; lastKnownFileType = sourcecode.cpp.objcpp; name = collections.wi.mm; path = wied/collections.wi.mm; sourceTree = SOURCE_ROOT; };
		BEDEBF701A19DA1900D0200D /* collectionSet.wi.mm */ = {isa = PBXFileReference; fileEncoding = 4; lastKnownFileType = sourcecode.cpp.objcpp; name = collectionSet.wi.mm; path = wied/collectionSet.wi.mm; sourceTree = SOURCE_ROOT; };
		BEDEBF711A19DA1900D0200D /* collectionTester.wi.mm */ = {isa = PBXFileReference; fileEncoding = 4; lastKnownFileType = sourcecode.cpp.objcpp; name = collectionTester.wi.mm; path = wied/collectionTester.wi.mm; sourceTree = SOURCE_ROOT; };
		BEDEBF721A19DA1900D0200D /* default.mm */ = {isa = PBXFileReference; fileEncoding = 4; lastKnownFileType = sourcecode.cpp.objcpp; name = default.mm; path = wied/default.mm; sourceTree = SOURCE_ROOT; };
		BEDEBF741A19DA1900D0200D /* inserts.mm */ = {isa = PBXFileReference; fileEncoding = 4; lastKnownFileType = sourcecode.cpp.objcpp; name = inserts.mm; path = wied/inserts.mm; sourceTree = SOURCE_ROOT; };
		BEDEBF751A19DA1900D0200D /* linkBase.wi.mm */ = {isa = PBXFileReference; fileEncoding = 4; lastKnownFileType = sourcecode.cpp.objcpp; name = linkBase.wi.mm; path = wied/linkBase.wi.mm; sourceTree = SOURCE_ROOT; };
		BEDEBF761A19DA1900D0200D /* model.mm */ = {isa = PBXFileReference; fileEncoding = 4; lastKnownFileType = sourcecode.cpp.objcpp; name = model.mm; path = wied/model.mm; sourceTree = SOURCE_ROOT; };
		BEDEBF771A19DA1900D0200D /* object.mm */ = {isa = PBXFileReference; fileEncoding = 4; lastKnownFileType = sourcecode.cpp.objcpp; name = object.mm; path = wied/object.mm; sourceTree = SOURCE_ROOT; };
		BEDEBF781A19DA1900D0200D /* OID.wi.mm */ = {isa = PBXFileReference; fileEncoding = 4; lastKnownFileType = sourcecode.cpp.objcpp; name = OID.wi.mm; path = wied/OID.wi.mm; sourceTree = SOURCE_ROOT; };
		BEDEBF791A19DA1900D0200D /* sys.mm */ = {isa = PBXFileReference; fileEncoding = 4; lastKnownFileType = sourcecode.cpp.objcpp; name = sys.mm; path = wied/sys.mm; sourceTree = SOURCE_ROOT; };
		BEDEBF7A1A19DA1900D0200D /* token.mm */ = {isa = PBXFileReference; fileEncoding = 4; lastKnownFileType = sourcecode.cpp.objcpp; name = token.mm; path = wied/token.mm; sourceTree = SOURCE_ROOT; };
		BEDEBF7B1A19DA1900D0200D /* token.wi.mm */ = {isa = PBXFileReference; fileEncoding = 4; lastKnownFileType = sourcecode.cpp.objcpp; name = token.wi.mm; path = wied/token.wi.mm; sourceTree = SOURCE_ROOT; };
		BEDEBF7C1A19DA1900D0200D /* types.wi.mm */ = {isa = PBXFileReference; fileEncoding = 4; lastKnownFileType = sourcecode.cpp.objcpp; name = types.wi.mm; path = wied/types.wi.mm; sourceTree = SOURCE_ROOT; };
		BEDEBF7D1A19DA1900D0200D /* util.mm */ = {isa = PBXFileReference; fileEncoding = 4; lastKnownFileType = sourcecode.cpp.objcpp; name = util.mm; path = wied/util.mm; sourceTree = SOURCE_ROOT; };
		BEDEBF7E1A19DA1900D0200D /* util.wi.mm */ = {isa = PBXFileReference; fileEncoding = 4; lastKnownFileType = sourcecode.cpp.objcpp; name = util.wi.mm; path = wied/util.wi.mm; sourceTree = SOURCE_ROOT; };
		BEDEBF7F1A19DA1900D0200D /* WInterface.wi.decl.h */ = {isa = PBXFileReference; fileEncoding = 4; lastKnownFileType = sourcecode.c.h; name = WInterface.wi.decl.h; path = wied/WInterface.wi.decl.h; sourceTree = SOURCE_ROOT; };
		BEDEBF801A19DA1900D0200D /* WInterface.wi.pch */ = {isa = PBXFileReference; fileEncoding = 4; lastKnownFileType = sourcecode.c.h; name = WInterface.wi.pch; path = wied/WInterface.wi.pch; sourceTree = SOURCE_ROOT; };
		BEDEBF971A19DA3F00D0200D /* WInterface.wi.html */ = {isa = PBXFileReference; fileEncoding = 4; lastKnownFileType = text.html; name = WInterface.wi.html; path = wied/WInterface.wi.html; sourceTree = "<group>"; };
		BEDEBF9B1A19DB9600D0200D /* WILibrary_v1 */ = {isa = PBXFileReference; lastKnownFileType = folder; name = WILibrary_v1; path = ../WILibrary_v1; sourceTree = "<group>"; };
		BEDEBF9F1A1A59A100D0200D /* WInterface.swift */ = {isa = PBXFileReference; fileEncoding = 4; lastKnownFileType = sourcecode.swift; name = WInterface.swift; path = WInterface/WI_iosTests/../../WInterface.swift; sourceTree = "<group>"; };
/* End PBXFileReference section */

/* Begin PBXFrameworksBuildPhase section */
		BE4152E01811B03200E421D7 /* Frameworks */ = {
			isa = PBXFrameworksBuildPhase;
			buildActionMask = 2147483647;
			files = (
				BE4152E41811B03200E421D7 /* Foundation.framework in Frameworks */,
			);
			runOnlyForDeploymentPostprocessing = 0;
		};
		BE99B96B161BAE720041B8EA /* Frameworks */ = {
			isa = PBXFrameworksBuildPhase;
			buildActionMask = 2147483647;
			files = (
				BE91AD041A1A7303009751BB /* QuartzCore.framework in Frameworks */,
				BE91AD021A1A72D8009751BB /* AppKit.framework in Frameworks */,
				BE99B973161BAE720041B8EA /* Foundation.framework in Frameworks */,
			);
			runOnlyForDeploymentPostprocessing = 0;
		};
/* End PBXFrameworksBuildPhase section */

/* Begin PBXGroup section */
		BE4152E51811B03200E421D7 /* WInterfaceSample */ = {
			isa = PBXGroup;
			children = (
				BE4152E61811B03200E421D7 /* main.m */,
				BE4152EA1811B03200E421D7 /* WInterfaceSample.1 */,
				BE4152E81811B03200E421D7 /* Supporting Files */,
			);
			path = WInterfaceSample;
			sourceTree = "<group>";
		};
		BE4152E81811B03200E421D7 /* Supporting Files */ = {
			isa = PBXGroup;
			children = (
				BE4152E91811B03200E421D7 /* WInterfaceSample-Prefix.pch */,
			);
			name = "Supporting Files";
			sourceTree = "<group>";
		};
		BE5266E3196DC31D00FD10AB /* Sourcefiles */ = {
			isa = PBXGroup;
			children = (
				BE9A3BAA1A37A2470038DF8D /* Code.wi.mm */,
				BE91ACFD1A1A6D0D009751BB /* Files.wi.mm */,
				BEDEBF6A1A19DA1900D0200D /* base.wi.mm */,
				BEDEBF6B1A19DA1900D0200D /* collectionArray.wi.mm */,
				BEDEBF6C1A19DA1900D0200D /* collectionAtomicAndTracker.wi.mm */,
				BEDEBF6D1A19DA1900D0200D /* collectionDictionary.wi.mm */,
				BEDEBF6E1A19DA1900D0200D /* collectionNS.wi.mm */,
				BEDEBF6F1A19DA1900D0200D /* collections.wi.mm */,
				BEDEBF701A19DA1900D0200D /* collectionSet.wi.mm */,
				BEDEBF711A19DA1900D0200D /* collectionTester.wi.mm */,
				BEDEBF721A19DA1900D0200D /* default.mm */,
				BEDEBF741A19DA1900D0200D /* inserts.mm */,
				BEDEBF751A19DA1900D0200D /* linkBase.wi.mm */,
				BEDEBF761A19DA1900D0200D /* model.mm */,
				BEDEBF771A19DA1900D0200D /* object.mm */,
				BEDEBF781A19DA1900D0200D /* OID.wi.mm */,
				BEDEBF791A19DA1900D0200D /* sys.mm */,
				BEDEBF7A1A19DA1900D0200D /* token.mm */,
				BEDEBF7B1A19DA1900D0200D /* token.wi.mm */,
				BEDEBF7C1A19DA1900D0200D /* types.wi.mm */,
				BEDEBF7D1A19DA1900D0200D /* util.mm */,
				BEDEBF7E1A19DA1900D0200D /* util.wi.mm */,
				BEDEBF7F1A19DA1900D0200D /* WInterface.wi.decl.h */,
				BEDEBF801A19DA1900D0200D /* WInterface.wi.pch */,
			);
			name = Sourcefiles;
			path = WInterface;
			sourceTree = "<group>";
		};
		BE730AC918108F3B005582C5 /* Sample */ = {
			isa = PBXGroup;
			children = (
				BE6FA91719AACEE800862360 /* wied */,
				BE4152E51811B03200E421D7 /* WInterfaceSample */,
				BE730ACE1810A4E7005582C5 /* op */,
				BE730ACC18108F50005582C5 /* sample.wi */,
				BE3A169018231A3700B5752A /* wierrors.wi */,
			);
			name = Sample;
			sourceTree = "<group>";
		};
		BE730ACE1810A4E7005582C5 /* op */ = {
			isa = PBXGroup;
			children = (
				BEC8A51A18296AA50090BBAD /* inserts.mm */,
				BE730AD31810A4FB005582C5 /* sample.wi.decl.h */,
				BE730AD41810A4FB005582C5 /* sample.wi.h */,
				BE730AD51810A4FB005582C5 /* sample.wi.html */,
				BE730AD61810A4FB005582C5 /* sample.wi.mm */,
			);
			name = op;
			sourceTree = "<group>";
		};
		BE796C761624A47E00E550C2 /* Test */ = {
			isa = PBXGroup;
			children = (
				BE622A12162CA95A00618E26 /* LinkBase.wi */,
				BE622A13162CA95A00618E26 /* LinkBase.wi.m */,
				BE19E8A316295D960013C92B /* TestProp.wi.m */,
				BE19E8A216295CF10013C92B /* TestProp.wi */,
				BE61F57B1627D02300614210 /* Test.wi.m */,
				BE61F57A1627C7CB00614210 /* Test.wi */,
			);
			name = Test;
			sourceTree = "<group>";
		};
		BE99B963161BAE710041B8EA = {
			isa = PBXGroup;
			children = (
				BE8DD9791A1AD31F00FBCA32 /* wiLibrary */,
				BE91ACF91A1A65F1009751BB /* wi */,
				BEDEBF9B1A19DB9600D0200D /* WILibrary_v1 */,
				BE91AD031A1A7303009751BB /* QuartzCore.framework */,
				BE91AD011A1A72D8009751BB /* AppKit.framework */,
				BE91ACFF1A1A72CB009751BB /* CoreGraphics.framework */,
				BEDEBF681A19D97F00D0200D /* wi.out.txt */,
				BE93AD8D165E9E3B001BA629 /* wi.sh */,
				BEB3E1C11A61C93600291844 /* wi.sh */,
				BE91ACFA1A1A6601009751BB /* wied */,
				BE340D6719D7DF6C00BEC232 /* Parse */,
				BE6FA91819AAD18A00862360 /* BasicClassesCPP */,
				BE340D6519D7DE2A00BEC232 /* Parse.mm */,
				BE87AC6219F6455600C5E23A /* ParseRule.mm */,
				BEDEBF971A19DA3F00D0200D /* WInterface.wi.html */,
				BEDEBF9F1A1A59A100D0200D /* WInterface.swift */,
				BE5266E3196DC31D00FD10AB /* Sourcefiles */,
				BE730AC918108F3B005582C5 /* Sample */,
				BE99B974161BAE720041B8EA /* WInterface */,
			);
			sourceTree = "<group>";
		};
		BE99B96F161BAE720041B8EA /* Products */ = {
			isa = PBXGroup;
			children = (
				BE99B96E161BAE720041B8EA /* WInterface */,
				BE4152E31811B03200E421D7 /* WInterfaceSample */,
			);
			name = Products;
			path = ..;
			sourceTree = "<group>";
		};
		BE99B971161BAE720041B8EA /* Frameworks */ = {
			isa = PBXGroup;
			children = (
				BE99B972161BAE720041B8EA /* Foundation.framework */,
			);
			name = Frameworks;
			path = ..;
			sourceTree = "<group>";
		};
		BE99B974161BAE720041B8EA /* WInterface */ = {
			isa = PBXGroup;
			children = (
				BE99B96F161BAE720041B8EA /* Products */,
				BE99B971161BAE720041B8EA /* Frameworks */,
				BEA020A31629503700CA480A /* Props */,
				BE796C761624A47E00E550C2 /* Test */,
				BE99B977161BAE720041B8EA /* Supporting Files */,
			);
			path = WInterface;
			sourceTree = "<group>";
		};
		BE99B977161BAE720041B8EA /* Supporting Files */ = {
			isa = PBXGroup;
			children = (
				BE99B978161BAE720041B8EA /* WInterface-Prefix.pch */,
				BE99B979161BAE720041B8EA /* WInterface.1 */,
			);
			name = "Supporting Files";
			sourceTree = "<group>";
		};
		BEA020A31629503700CA480A /* Props */ = {
			isa = PBXGroup;
			children = (
				BEC8A4A8182742340090BBAD /* ModelNS1A.wi */,
				BEC8A4A9182742340090BBAD /* ModelNS1M.wi */,
				BED5D57E164A16F200540B71 /* ModelNSM.wi */,
				BE697F2E167ED42900880DC7 /* PropSS.wi */,
				BED5D57F164A16F200540B71 /* Prop1D.wi */,
				BED5D580164A16F200540B71 /* PropD1.wi */,
				BED5D57B164A122800540B71 /* ModelT1.wi */,
				BEC3EDAF162B299A001BA99B /* ModelNSA.wi */,
				BEC3EDB0162B299A001BA99B /* ModelNSS.wi */,
				BEA020B8162951B100CA480A /* PropBase.wi */,
				BEA020A41629505100CA480A /* Prop1A.wi */,
				BEA020A81629505100CA480A /* Prop1S.wi */,
				BEA020AC1629505100CA480A /* Prop11.wi */,
				BEA020B01629505100CA480A /* PropA1.wi */,
				BEC3EDAE162B2999001BA99B /* ModelNS1.wi */,
				BEA020B41629505100CA480A /* PropS1.wi */,
			);
			name = Props;
			sourceTree = "<group>";
		};
/* End PBXGroup section */

/* Begin PBXNativeTarget section */
		BE4152E21811B03200E421D7 /* WInterfaceSample */ = {
			isa = PBXNativeTarget;
			buildConfigurationList = BE4152EC1811B03200E421D7 /* Build configuration list for PBXNativeTarget "WInterfaceSample" */;
			buildPhases = (
				BE4152DF1811B03200E421D7 /* Sources */,
				BE4152E01811B03200E421D7 /* Frameworks */,
				BE4152E11811B03200E421D7 /* CopyFiles */,
			);
			buildRules = (
			);
			dependencies = (
			);
			name = WInterfaceSample;
			productName = WInterfaceSample;
			productReference = BE4152E31811B03200E421D7 /* WInterfaceSample */;
			productType = "com.apple.product-type.tool";
		};
		BE99B96D161BAE720041B8EA /* WInterface */ = {
			isa = PBXNativeTarget;
			buildConfigurationList = BE99B97D161BAE720041B8EA /* Build configuration list for PBXNativeTarget "WInterface" */;
			buildPhases = (
				BE99B96A161BAE720041B8EA /* Sources */,
				BE99B96B161BAE720041B8EA /* Frameworks */,
				BE99B96C161BAE720041B8EA /* CopyFiles */,
			);
			buildRules = (
			);
			dependencies = (
			);
			name = WInterface;
			productName = WInterface;
			productReference = BE99B96E161BAE720041B8EA /* WInterface */;
			productType = "com.apple.product-type.tool";
		};
/* End PBXNativeTarget section */

/* Begin PBXProject section */
		BE99B965161BAE710041B8EA /* Project object */ = {
			isa = PBXProject;
			attributes = {
				LastUpgradeCheck = 0600;
			};
			buildConfigurationList = BE99B968161BAE710041B8EA /* Build configuration list for PBXProject "WInterface" */;
			compatibilityVersion = "Xcode 3.2";
			developmentRegion = English;
			hasScannedForEncodings = 0;
			knownRegions = (
				en,
			);
			mainGroup = BE99B963161BAE710041B8EA;
			productRefGroup = BE99B96F161BAE720041B8EA /* Products */;
			projectDirPath = "";
			projectRoot = "";
			targets = (
				BE99B96D161BAE720041B8EA /* WInterface */,
				BE4152E21811B03200E421D7 /* WInterfaceSample */,
			);
		};
/* End PBXProject section */

/* Begin PBXSourcesBuildPhase section */
		BE4152DF1811B03200E421D7 /* Sources */ = {
			isa = PBXSourcesBuildPhase;
			buildActionMask = 2147483647;
			files = (
				BEC8A51B18296AA50090BBAD /* inserts.mm in Sources */,
				BE4152FC1811B04200E421D7 /* sample.wi.mm in Sources */,
				BE4152E71811B03200E421D7 /* main.m in Sources */,
			);
			runOnlyForDeploymentPostprocessing = 0;
		};
		BE99B96A161BAE720041B8EA /* Sources */ = {
			isa = PBXSourcesBuildPhase;
			buildActionMask = 2147483647;
			files = (
				BEDEBF941A19DA1900D0200D /* types.wi.mm in Sources */,
				BE340D6619D7DE2A00BEC232 /* Parse.mm in Sources */,
				BEDEBF8E1A19DA1900D0200D /* model.mm in Sources */,
				BEDEBFA01A1A59A100D0200D /* WInterface.swift in Sources */,
				BE9A3BAB1A37A2470038DF8D /* Code.wi.mm in Sources */,
				BEDEBF901A19DA1900D0200D /* OID.wi.mm in Sources */,
				BEDEBF8D1A19DA1900D0200D /* linkBase.wi.mm in Sources */,
				BEDEBF951A19DA1900D0200D /* util.mm in Sources */,
				BEDEBF921A19DA1900D0200D /* token.mm in Sources */,
				BE87AC6319F6455600C5E23A /* ParseRule.mm in Sources */,
				BEDEBF8A1A19DA1900D0200D /* default.mm in Sources */,
				BEDEBF8C1A19DA1900D0200D /* inserts.mm in Sources */,
				BEDEBF831A19DA1900D0200D /* collectionArray.wi.mm in Sources */,
				BEDEBF841A19DA1900D0200D /* collectionAtomicAndTracker.wi.mm in Sources */,
				BEDEBF861A19DA1900D0200D /* collectionNS.wi.mm in Sources */,
				BEDEBF931A19DA1900D0200D /* token.wi.mm in Sources */,
				BEDEBF821A19DA1900D0200D /* base.wi.mm in Sources */,
				BEDEBF891A19DA1900D0200D /* collectionTester.wi.mm in Sources */,
				BEDEBF911A19DA1900D0200D /* sys.mm in Sources */,
				BEDEBF871A19DA1900D0200D /* collections.wi.mm in Sources */,
				BEDEBF8F1A19DA1900D0200D /* object.mm in Sources */,
				BE91ACFE1A1A6D0D009751BB /* Files.wi.mm in Sources */,
				BEDEBF851A19DA1900D0200D /* collectionDictionary.wi.mm in Sources */,
				BEDEBF961A19DA1900D0200D /* util.wi.mm in Sources */,
				BEDEBF881A19DA1900D0200D /* collectionSet.wi.mm in Sources */,
			);
			runOnlyForDeploymentPostprocessing = 0;
		};
/* End PBXSourcesBuildPhase section */

/* Begin XCBuildConfiguration section */
		BE4152ED1811B03200E421D7 /* Debug */ = {
			isa = XCBuildConfiguration;
			buildSettings = {
				CLANG_CXX_LANGUAGE_STANDARD = "gnu++0x";
				CLANG_CXX_LIBRARY = "libc++";
				CLANG_ENABLE_OBJC_ARC = YES;
				CLANG_WARN_BOOL_CONVERSION = YES;
				CLANG_WARN_CONSTANT_CONVERSION = YES;
				CLANG_WARN_DIRECT_OBJC_ISA_USAGE = YES_ERROR;
				CLANG_WARN_EMPTY_BODY = YES;
				CLANG_WARN_ENUM_CONVERSION = YES;
				CLANG_WARN_INT_CONVERSION = YES;
				CLANG_WARN_OBJC_ROOT_CLASS = YES_ERROR;
				CLANG_WARN__DUPLICATE_METHOD_MATCH = YES;
				FRAMEWORK_SEARCH_PATHS = (
					"$(inherited)",
					/Developer/Local/Frameworks,
				);
				GCC_PRECOMPILE_PREFIX_HEADER = YES;
				GCC_PREFIX_HEADER = "WInterfaceSample/WInterfaceSample-Prefix.pch";
				GCC_PREPROCESSOR_DEFINITIONS = (
					"DEBUG=1",
					"$(inherited)",
				);
				GCC_WARN_ABOUT_RETURN_TYPE = YES_ERROR;
				GCC_WARN_UNDECLARED_SELECTOR = YES;
				GCC_WARN_UNUSED_FUNCTION = YES;
				MACOSX_DEPLOYMENT_TARGET = 10.8;
				ONLY_ACTIVE_ARCH = YES;
				PRODUCT_NAME = "$(TARGET_NAME)";
			};
			name = Debug;
		};
		BE4152EE1811B03200E421D7 /* Release */ = {
			isa = XCBuildConfiguration;
			buildSettings = {
				CLANG_CXX_LANGUAGE_STANDARD = "gnu++0x";
				CLANG_CXX_LIBRARY = "libc++";
				CLANG_ENABLE_OBJC_ARC = YES;
				CLANG_WARN_BOOL_CONVERSION = YES;
				CLANG_WARN_CONSTANT_CONVERSION = YES;
				CLANG_WARN_DIRECT_OBJC_ISA_USAGE = YES_ERROR;
				CLANG_WARN_EMPTY_BODY = YES;
				CLANG_WARN_ENUM_CONVERSION = YES;
				CLANG_WARN_INT_CONVERSION = YES;
				CLANG_WARN_OBJC_ROOT_CLASS = YES_ERROR;
				CLANG_WARN__DUPLICATE_METHOD_MATCH = YES;
				ENABLE_NS_ASSERTIONS = NO;
				FRAMEWORK_SEARCH_PATHS = (
					"$(inherited)",
					/Developer/Local/Frameworks,
				);
				GCC_PRECOMPILE_PREFIX_HEADER = YES;
				GCC_PREFIX_HEADER = "WInterfaceSample/WInterfaceSample-Prefix.pch";
				GCC_WARN_ABOUT_RETURN_TYPE = YES_ERROR;
				GCC_WARN_UNDECLARED_SELECTOR = YES;
				GCC_WARN_UNUSED_FUNCTION = YES;
				MACOSX_DEPLOYMENT_TARGET = 10.8;
				ONLY_ACTIVE_ARCH = YES;
				PRODUCT_NAME = "$(TARGET_NAME)";
			};
			name = Release;
		};
		BE99B97B161BAE720041B8EA /* Debug */ = {
			isa = XCBuildConfiguration;
			buildSettings = {
				ALWAYS_SEARCH_USER_PATHS = NO;
				CLANG_ENABLE_OBJC_ARC = YES;
				CLANG_WARN_BOOL_CONVERSION = YES;
				CLANG_WARN_CONSTANT_CONVERSION = YES;
				CLANG_WARN_EMPTY_BODY = YES;
				CLANG_WARN_ENUM_CONVERSION = YES;
				CLANG_WARN_INT_CONVERSION = YES;
				CLANG_WARN_UNREACHABLE_CODE = YES;
				CLANG_WARN__DUPLICATE_METHOD_MATCH = YES;
				COPY_PHASE_STRIP = NO;
				ENABLE_STRICT_OBJC_MSGSEND = YES;
				GCC_C_LANGUAGE_STANDARD = gnu99;
				GCC_DYNAMIC_NO_PIC = NO;
				GCC_ENABLE_OBJC_EXCEPTIONS = YES;
				GCC_OPTIMIZATION_LEVEL = 0;
				GCC_PREPROCESSOR_DEFINITIONS = (
					"DEBUG=1",
					"$(inherited)",
				);
				GCC_SYMBOLS_PRIVATE_EXTERN = NO;
				GCC_VERSION = com.apple.compilers.llvm.clang.1_0;
				GCC_WARN_64_TO_32_BIT_CONVERSION = YES;
				GCC_WARN_ABOUT_RETURN_TYPE = YES;
				GCC_WARN_UNDECLARED_SELECTOR = YES;
				GCC_WARN_UNINITIALIZED_AUTOS = YES;
				GCC_WARN_UNUSED_FUNCTION = YES;
				GCC_WARN_UNUSED_VARIABLE = YES;
				HEADER_SEARCH_PATHS = (
					"$(inherited)",
					/Applications/Xcode.app/Contents/Developer/Toolchains/XcodeDefault.xctoolchain/usr/include,
					"/Users/Will/Documents/BasicClassesCPP/**",
				);
				INSTALL_PATH = deploy;
				MACOSX_DEPLOYMENT_TARGET = 10.7;
				ONLY_ACTIVE_ARCH = YES;
				SDKROOT = macosx;
			};
			name = Debug;
		};
		BE99B97C161BAE720041B8EA /* Release */ = {
			isa = XCBuildConfiguration;
			buildSettings = {
				ALWAYS_SEARCH_USER_PATHS = NO;
				CLANG_ENABLE_OBJC_ARC = YES;
				CLANG_WARN_BOOL_CONVERSION = YES;
				CLANG_WARN_CONSTANT_CONVERSION = YES;
				CLANG_WARN_EMPTY_BODY = YES;
				CLANG_WARN_ENUM_CONVERSION = YES;
				CLANG_WARN_INT_CONVERSION = YES;
				CLANG_WARN_UNREACHABLE_CODE = YES;
				CLANG_WARN__DUPLICATE_METHOD_MATCH = YES;
				COPY_PHASE_STRIP = YES;
				DEBUG_INFORMATION_FORMAT = "dwarf-with-dsym";
				ENABLE_STRICT_OBJC_MSGSEND = YES;
				GCC_C_LANGUAGE_STANDARD = gnu99;
				GCC_ENABLE_OBJC_EXCEPTIONS = YES;
				GCC_VERSION = com.apple.compilers.llvm.clang.1_0;
				GCC_WARN_64_TO_32_BIT_CONVERSION = YES;
				GCC_WARN_ABOUT_RETURN_TYPE = YES;
				GCC_WARN_UNDECLARED_SELECTOR = YES;
				GCC_WARN_UNINITIALIZED_AUTOS = YES;
				GCC_WARN_UNUSED_FUNCTION = YES;
				GCC_WARN_UNUSED_VARIABLE = YES;
				HEADER_SEARCH_PATHS = (
					"$(inherited)",
					/Applications/Xcode.app/Contents/Developer/Toolchains/XcodeDefault.xctoolchain/usr/include,
					"/Users/Will/Documents/BasicClassesCPP/**",
				);
				INSTALL_PATH = deploy;
				MACOSX_DEPLOYMENT_TARGET = 10.7;
				SDKROOT = macosx;
			};
			name = Release;
		};
		BE99B97E161BAE720041B8EA /* Debug */ = {
			isa = XCBuildConfiguration;
			buildSettings = {
				CLANG_ENABLE_OBJC_ARC = YES;
				DEPLOYMENT_LOCATION = NO;
				FRAMEWORK_SEARCH_PATHS = (
					"$(inherited)",
					/Developer/Local/Frameworks,
				);
				GCC_PRECOMPILE_PREFIX_HEADER = YES;
				GCC_PREFIX_HEADER = "WInterface/WInterface-Prefix.pch";
				MACOSX_DEPLOYMENT_TARGET = 10.10;
				PRODUCT_NAME = "$(TARGET_NAME)";
			};
			name = Debug;
		};
		BE99B97F161BAE720041B8EA /* Release */ = {
			isa = XCBuildConfiguration;
			buildSettings = {
				CLANG_ENABLE_OBJC_ARC = YES;
				DEPLOYMENT_LOCATION = NO;
				FRAMEWORK_SEARCH_PATHS = (
					"$(inherited)",
					/Developer/Local/Frameworks,
				);
				GCC_PRECOMPILE_PREFIX_HEADER = YES;
				GCC_PREFIX_HEADER = "WInterface/WInterface-Prefix.pch";
				MACOSX_DEPLOYMENT_TARGET = 10.10;
				PRODUCT_NAME = "$(TARGET_NAME)";
			};
			name = Release;
		};
/* End XCBuildConfiguration section */

/* Begin XCConfigurationList section */
		BE4152EC1811B03200E421D7 /* Build configuration list for PBXNativeTarget "WInterfaceSample" */ = {
			isa = XCConfigurationList;
			buildConfigurations = (
				BE4152ED1811B03200E421D7 /* Debug */,
				BE4152EE1811B03200E421D7 /* Release */,
			);
			defaultConfigurationIsVisible = 0;
			defaultConfigurationName = Release;
		};
		BE99B968161BAE710041B8EA /* Build configuration list for PBXProject "WInterface" */ = {
			isa = XCConfigurationList;
			buildConfigurations = (
				BE99B97B161BAE720041B8EA /* Debug */,
				BE99B97C161BAE720041B8EA /* Release */,
			);
			defaultConfigurationIsVisible = 0;
			defaultConfigurationName = Release;
		};
		BE99B97D161BAE720041B8EA /* Build configuration list for PBXNativeTarget "WInterface" */ = {
			isa = XCConfigurationList;
			buildConfigurations = (
				BE99B97E161BAE720041B8EA /* Debug */,
				BE99B97F161BAE720041B8EA /* Release */,
			);
			defaultConfigurationIsVisible = 0;
			defaultConfigurationName = Release;
		};
/* End XCConfigurationList section */
	};
	rootObject = BE99B965161BAE710041B8EA /* Project object */;
}
